
Microsoft Visual Studio Solution File, Format Version 12.00
# Visual Studio 14
VisualStudioVersion = 14.0.24720.0
MinimumVisualStudioVersion = 10.0.40219.1
Project("{FAE04EC0-301F-11D3-BF4B-00C04F79EFBC}") = "GMapUtility", "GMapUtility\GMapUtility.csproj", "{2F3AB75D-5A89-4FF3-A127-001B89123EBD}"
EndProject
Project("{FAE04EC0-301F-11D3-BF4B-00C04F79EFBC}") = "GMapUtilityTest", "..\..\VisualStudio Desktop Projects\GMapUtilityTest\GMapUtilityTest\GMapUtilityTest.csproj", "{B666E41C-9A0A-440B-840F-2C689F791770}"
EndProject
Global
	GlobalSection(SolutionConfigurationPlatforms) = preSolution
		Debug|Any CPU = Debug|Any CPU
		Release|Any CPU = Release|Any CPU
	EndGlobalSection
	GlobalSection(ProjectConfigurationPlatforms) = postSolution
		{2F3AB75D-5A89-4FF3-A127-001B89123EBD}.Debug|Any CPU.ActiveCfg = Debug|Any CPU
		{2F3AB75D-5A89-4FF3-A127-001B89123EBD}.Debug|Any CPU.Build.0 = Debug|Any CPU
		{2F3AB75D-5A89-4FF3-A127-001B89123EBD}.Release|Any CPU.ActiveCfg = Release|Any CPU
		{2F3AB75D-5A89-4FF3-A127-001B89123EBD}.Release|Any CPU.Build.0 = Release|Any CPU
		{B666E41C-9A0A-440B-840F-2C689F791770}.Debug|Any CPU.ActiveCfg = Debug|Any CPU
		{B666E41C-9A0A-440B-840F-2C689F791770}.Debug|Any CPU.Build.0 = Debug|Any CPU
		{B666E41C-9A0A-440B-840F-2C689F791770}.Release|Any CPU.ActiveCfg = Release|Any CPU
		{B666E41C-9A0A-440B-840F-2C689F791770}.Release|Any CPU.Build.0 = Release|Any CPU
	EndGlobalSection
	GlobalSection(SolutionProperties) = preSolution
		HideSolutionNode = FALSE
	EndGlobalSection
EndGlobal
